
Microsoft Visual Studio Solution File, Format Version 12.00
# Visual Studio Version 17
VisualStudioVersion = 17.6.33801.468
MinimumVisualStudioVersion = 10.0.40219.1
Project("{FAE04EC0-301F-11D3-BF4B-00C04F79EFBC}") = "ElasticSearch.API", "ElasticSearch.API\ElasticSearch.API.csproj", "{50B81781-D103-4E85-9597-F0ABFBAC2D54}"
EndProject
Global
	GlobalSection(SolutionConfigurationPlatforms) = preSolution
		Debug|Any CPU = Debug|Any CPU
		Release|Any CPU = Release|Any CPU
	EndGlobalSection
	GlobalSection(ProjectConfigurationPlatforms) = postSolution
		{50B81781-D103-4E85-9597-F0ABFBAC2D54}.Debug|Any CPU.ActiveCfg = Debug|Any CPU
		{50B81781-D103-4E85-9597-F0ABFBAC2D54}.Debug|Any CPU.Build.0 = Debug|Any CPU
		{50B81781-D103-4E85-9597-F0ABFBAC2D54}.Release|Any CPU.ActiveCfg = Release|Any CPU
		{50B81781-D103-4E85-9597-F0ABFBAC2D54}.Release|Any CPU.Build.0 = Release|Any CPU
	EndGlobalSection
	GlobalSection(SolutionProperties) = preSolution
		HideSolutionNode = FALSE
	EndGlobalSection
	GlobalSection(ExtensibilityGlobals) = postSolution
		SolutionGuid = {49DB5C3C-824F-4637-ADC6-75E0FD2A3BC8}
	EndGlobalSection
EndGlobal
